{
  "version": 4,
  "terraform_version": "1.9.4",
  "serial": 75,
  "lineage": "ef93a705-2460-5a20-6990-cd7b6c234db9",
  "outputs": {
    "Application_LB_IP_address": {
      "value": [
        [
          {
            "address": "51.250.43.84"
          }
        ]
      ],
      "type": [
        "list",
        [
          "list",
          [
            "object",
            {
              "address": "string"
            }
          ]
        ]
      ]
    },
    "Network_LB_IP_address": {
      "value": [
        "51.250.40.59"
      ],
      "type": [
        "list",
        "string"
      ]
    },
    "Picture_URL": {
      "value": "https://ayuulyanov.storage.yandexcloud.net/welcome-to-hell.jpg",
      "type": "string"
    },
    "all_vms": {
      "value": [
        {
          "ip_external": "89.169.144.103",
          "ip_internal": "10.0.1.21",
          "name": "cl1cb1nk2ng5lisepbfk-odih"
        },
        {
          "ip_external": "89.169.151.18",
          "ip_internal": "10.0.1.33",
          "name": "cl1cb1nk2ng5lisepbfk-ylic"
        },
        {
          "ip_external": "89.169.133.21",
          "ip_internal": "10.0.1.31",
          "name": "cl1cb1nk2ng5lisepbfk-imet"
        }
      ],
      "type": [
        "tuple",
        [
          [
            "object",
            {
              "ip_external": "string",
              "ip_internal": "string",
              "name": "string"
            }
          ],
          [
            "object",
            {
              "ip_external": "string",
              "ip_internal": "string",
              "name": "string"
            }
          ],
          [
            "object",
            {
              "ip_external": "string",
              "ip_internal": "string",
              "name": "string"
            }
          ]
        ]
      ]
    }
  },
  "resources": [
    {
      "mode": "managed",
      "type": "yandex_alb_backend_group",
      "name": "backend-alb",
      "provider": "provider[\"registry.terraform.io/yandex-cloud/yandex\"]",
      "instances": [
        {
          "schema_version": 0,
          "attributes": {
            "created_at": "2024-08-19T10:19:02Z",
            "description": "",
            "folder_id": "b1gfqj3kv6rieiisg1p5",
            "grpc_backend": [],
            "http_backend": [
              {
                "healthcheck": [
                  {
                    "grpc_healthcheck": [],
                    "healthcheck_port": 0,
                    "healthy_threshold": 10,
                    "http_healthcheck": [
                      {
                        "host": "",
                        "http2": false,
                        "path": "/"
                      }
                    ],
                    "interval": "2s",
                    "interval_jitter_percent": 0,
                    "stream_healthcheck": [],
                    "timeout": "10s",
                    "unhealthy_threshold": 15
                  }
                ],
                "http2": false,
                "load_balancing_config": [
                  {
                    "locality_aware_routing_percent": 0,
                    "mode": "ROUND_ROBIN",
                    "panic_threshold": 90,
                    "strict_locality": false
                  }
                ],
                "name": "http-backend",
                "port": 80,
                "storage_bucket": "",
                "target_group_ids": [
                  "ds71vlu0gkleeba1q42p"
                ],
                "tls": [],
                "weight": 1
              }
            ],
            "id": "ds75sln9n9pif5tujc94",
            "labels": null,
            "name": "backend-alb",
            "session_affinity": [
              {
                "connection": [
                  {
                    "source_ip": true
                  }
                ],
                "cookie": [],
                "header": []
              }
            ],
            "stream_backend": [],
            "timeouts": null
          },
          "sensitive_attributes": [],
          "private": "eyJlMmJmYjczMC1lY2FhLTExZTYtOGY4OC0zNDM2M2JjN2M0YzAiOnsiY3JlYXRlIjozMDAwMDAwMDAwMDAsImRlbGV0ZSI6MzAwMDAwMDAwMDAwLCJ1cGRhdGUiOjMwMDAwMDAwMDAwMH19",
          "dependencies": [
            "yandex_alb_target_group.alb-group",
            "yandex_compute_instance_group.group-vms",
            "yandex_iam_service_account.groupvm-sa",
            "yandex_iam_service_account.service",
            "yandex_iam_service_account_static_access_key.sa-static-key",
            "yandex_resourcemanager_folder_iam_member.group-editor",
            "yandex_storage_bucket.ayuulyanov",
            "yandex_vpc_network.develop",
            "yandex_vpc_subnet.public"
          ]
        }
      ]
    },
    {
      "mode": "managed",
      "type": "yandex_alb_http_router",
      "name": "http-router",
      "provider": "provider[\"registry.terraform.io/yandex-cloud/yandex\"]",
      "instances": [
        {
          "schema_version": 0,
          "attributes": {
            "created_at": "2024-08-19T10:14:35Z",
            "description": "",
            "folder_id": "b1gfqj3kv6rieiisg1p5",
            "id": "ds769p2s89ef5983scoq",
            "labels": {
              "empty-label": "",
              "tf-label": "tf-label-value"
            },
            "name": "http-router",
            "route_options": [],
            "timeouts": null
          },
          "sensitive_attributes": [],
          "private": "eyJlMmJmYjczMC1lY2FhLTExZTYtOGY4OC0zNDM2M2JjN2M0YzAiOnsiY3JlYXRlIjozMDAwMDAwMDAwMDAsImRlbGV0ZSI6MzAwMDAwMDAwMDAwLCJ1cGRhdGUiOjMwMDAwMDAwMDAwMH19"
        }
      ]
    },
    {
      "mode": "managed",
      "type": "yandex_alb_load_balancer",
      "name": "alb",
      "provider": "provider[\"registry.terraform.io/yandex-cloud/yandex\"]",
      "instances": [
        {
          "schema_version": 0,
          "attributes": {
            "allocation_policy": [
              {
                "location": [
                  {
                    "disable_traffic": false,
                    "subnet_id": "e9bu8cujo5ebfhtb8cj3",
                    "zone_id": "ru-central1-a"
                  }
                ]
              }
            ],
            "created_at": "2024-08-19T10:14:38Z",
            "description": "",
            "folder_id": "b1gfqj3kv6rieiisg1p5",
            "id": "ds7uut7tj6f37utop8n5",
            "labels": null,
            "listener": [
              {
                "endpoint": [
                  {
                    "address": [
                      {
                        "external_ipv4_address": [
                          {
                            "address": "51.250.43.84"
                          }
                        ],
                        "external_ipv6_address": [],
                        "internal_ipv4_address": []
                      }
                    ],
                    "ports": [
                      80
                    ]
                  }
                ],
                "http": [
                  {
                    "handler": [
                      {
                        "allow_http10": false,
                        "http2_options": [],
                        "http_router_id": "ds769p2s89ef5983scoq",
                        "rewrite_request_id": false
                      }
                    ],
                    "redirects": []
                  }
                ],
                "name": "listener",
                "stream": [],
                "tls": []
              }
            ],
            "log_group_id": "",
            "log_options": [],
            "name": "alb",
            "network_id": "enp0sb1vq65p7phe7n3d",
            "region_id": "",
            "security_group_ids": null,
            "status": "active",
            "timeouts": null
          },
          "sensitive_attributes": [],
          "private": "eyJlMmJmYjczMC1lY2FhLTExZTYtOGY4OC0zNDM2M2JjN2M0YzAiOnsiY3JlYXRlIjo2MDAwMDAwMDAwMDAsImRlbGV0ZSI6NjAwMDAwMDAwMDAwLCJ1cGRhdGUiOjYwMDAwMDAwMDAwMH19",
          "dependencies": [
            "yandex_alb_http_router.http-router",
            "yandex_vpc_network.develop",
            "yandex_vpc_subnet.public"
          ]
        }
      ]
    },
    {
      "mode": "managed",
      "type": "yandex_alb_target_group",
      "name": "alb-group",
      "provider": "provider[\"registry.terraform.io/yandex-cloud/yandex\"]",
      "instances": [
        {
          "schema_version": 0,
          "attributes": {
            "created_at": "2024-08-19T10:19:02Z",
            "description": "",
            "folder_id": "b1gfqj3kv6rieiisg1p5",
            "id": "ds71vlu0gkleeba1q42p",
            "labels": null,
            "name": "group-vms",
            "target": [
              {
                "ip_address": "10.0.1.21",
                "private_ipv4_address": false,
                "subnet_id": "e9bu8cujo5ebfhtb8cj3"
              },
              {
                "ip_address": "10.0.1.33",
                "private_ipv4_address": false,
                "subnet_id": "e9bu8cujo5ebfhtb8cj3"
              },
              {
                "ip_address": "10.0.1.31",
                "private_ipv4_address": false,
                "subnet_id": "e9bu8cujo5ebfhtb8cj3"
              }
            ],
            "timeouts": null
          },
          "sensitive_attributes": [],
          "private": "eyJlMmJmYjczMC1lY2FhLTExZTYtOGY4OC0zNDM2M2JjN2M0YzAiOnsiY3JlYXRlIjozMDAwMDAwMDAwMDAsImRlbGV0ZSI6MzAwMDAwMDAwMDAwLCJ1cGRhdGUiOjMwMDAwMDAwMDAwMH19",
          "dependencies": [
            "yandex_compute_instance_group.group-vms",
            "yandex_iam_service_account.groupvm-sa",
            "yandex_iam_service_account.service",
            "yandex_iam_service_account_static_access_key.sa-static-key",
            "yandex_resourcemanager_folder_iam_member.group-editor",
            "yandex_storage_bucket.ayuulyanov",
            "yandex_vpc_network.develop",
            "yandex_vpc_subnet.public"
          ]
        }
      ]
    },
    {
      "mode": "managed",
      "type": "yandex_alb_virtual_host",
      "name": "my-vhost",
      "provider": "provider[\"registry.terraform.io/yandex-cloud/yandex\"]",
      "instances": [
        {
          "schema_version": 0,
          "attributes": {
            "authority": null,
            "http_router_id": "ds769p2s89ef5983scoq",
            "id": "ds769p2s89ef5983scoq/virtual-host",
            "modify_request_headers": [],
            "modify_response_headers": [],
            "name": "virtual-host",
            "route": [
              {
                "grpc_route": [],
                "http_route": [
                  {
                    "direct_response_action": [],
                    "http_match": [],
                    "http_route_action": [
                      {
                        "auto_host_rewrite": false,
                        "backend_group_id": "ds75sln9n9pif5tujc94",
                        "host_rewrite": "",
                        "idle_timeout": "",
                        "prefix_rewrite": "",
                        "timeout": "1m0s",
                        "upgrade_types": null
                      }
                    ],
                    "redirect_action": []
                  }
                ],
                "name": "route-http",
                "route_options": []
              }
            ],
            "route_options": [],
            "timeouts": null
          },
          "sensitive_attributes": [],
          "private": "eyJlMmJmYjczMC1lY2FhLTExZTYtOGY4OC0zNDM2M2JjN2M0YzAiOnsiY3JlYXRlIjozMDAwMDAwMDAwMDAsImRlbGV0ZSI6MzAwMDAwMDAwMDAwLCJ1cGRhdGUiOjMwMDAwMDAwMDAwMH19",
          "dependencies": [
            "yandex_alb_backend_group.backend-alb",
            "yandex_alb_http_router.http-router",
            "yandex_alb_target_group.alb-group",
            "yandex_compute_instance_group.group-vms",
            "yandex_iam_service_account.groupvm-sa",
            "yandex_iam_service_account.service",
            "yandex_iam_service_account_static_access_key.sa-static-key",
            "yandex_resourcemanager_folder_iam_member.group-editor",
            "yandex_storage_bucket.ayuulyanov",
            "yandex_vpc_network.develop",
            "yandex_vpc_subnet.public"
          ]
        }
      ]
    },
    {
      "mode": "managed",
      "type": "yandex_compute_instance_group",
      "name": "group-vms",
      "provider": "provider[\"registry.terraform.io/yandex-cloud/yandex\"]",
      "instances": [
        {
          "schema_version": 0,
          "attributes": {
            "allocation_policy": [
              {
                "instance_tags_pool": [],
                "zones": [
                  "ru-central1-a"
                ]
              }
            ],
            "application_load_balancer": [],
            "created_at": "2024-08-19T10:14:44Z",
            "deletion_protection": false,
            "deploy_policy": [
              {
                "max_creating": 0,
                "max_deleting": 0,
                "max_expansion": 0,
                "max_unavailable": 1,
                "startup_duration": 0,
                "strategy": "proactive"
              }
            ],
            "description": "",
            "folder_id": "b1gfqj3kv6rieiisg1p5",
            "health_check": [
              {
                "healthy_threshold": 2,
                "http_options": [],
                "interval": 30,
                "tcp_options": [
                  {
                    "port": 80
                  }
                ],
                "timeout": 10,
                "unhealthy_threshold": 2
              }
            ],
            "id": "cl1cb1nk2ng5lisepbfk",
            "instance_template": [
              {
                "boot_disk": [
                  {
                    "device_name": "",
                    "disk_id": "",
                    "initialize_params": [
                      {
                        "description": "",
                        "image_id": "fd827b91d99psvq5fjit",
                        "size": 10,
                        "snapshot_id": "",
                        "type": "network-hdd"
                      }
                    ],
                    "mode": "READ_WRITE",
                    "name": ""
                  }
                ],
                "description": "",
                "filesystem": [],
                "hostname": "",
                "labels": {},
                "metadata": {
                  "serial-port-enable": "1",
                  "ssh-keys": "ubuntu:ssh-ed25519 AAAAC3NzaC1lZDI1NTE5AAAAID0zEVOG2xlvsm1PmiFbKoTOdAgoskSLeau8RHz3/+ZG au@itoolabs.com\n",
                  "user-data": "#!/bin/bash\ncd /var/www/html\necho '\u003chtml\u003e\u003chead\u003e\u003ctitle\u003eIt's my picture\u003c/title\u003e\u003c/head\u003e \u003cbody\u003e\u003ch1\u003eLook at hell!!!\u003c/h1\u003e\u003cimg src=\"http://ayuulyanov.storage.yandexcloud.net/welcome-to-hell.jpg\"/\u003e\u003c/body\u003e\u003c/html\u003e' \u003e index.html\n"
                },
                "metadata_options": [
                  {
                    "aws_v1_http_endpoint": 0,
                    "aws_v1_http_token": 0,
                    "gce_http_endpoint": 0,
                    "gce_http_token": 0
                  }
                ],
                "name": "",
                "network_interface": [
                  {
                    "dns_record": [],
                    "ip_address": "",
                    "ipv4": true,
                    "ipv6": false,
                    "ipv6_address": "",
                    "ipv6_dns_record": [],
                    "nat": true,
                    "nat_dns_record": [],
                    "nat_ip_address": "",
                    "network_id": "enp0sb1vq65p7phe7n3d",
                    "security_group_ids": null,
                    "subnet_ids": [
                      "e9bu8cujo5ebfhtb8cj3"
                    ]
                  }
                ],
                "network_settings": [],
                "placement_policy": [],
                "platform_id": "standard-v1",
                "resources": [
                  {
                    "core_fraction": 5,
                    "cores": 2,
                    "gpus": 0,
                    "memory": 2
                  }
                ],
                "scheduling_policy": [
                  {
                    "preemptible": true
                  }
                ],
                "secondary_disk": [],
                "service_account_id": ""
              }
            ],
            "instances": [
              {
                "fqdn": "cl1cb1nk2ng5lisepbfk-odih.ru-central1.internal",
                "instance_id": "fhm94has1159lbfmfqjo",
                "instance_tag": "",
                "name": "cl1cb1nk2ng5lisepbfk-odih",
                "network_interface": [
                  {
                    "index": 0,
                    "ip_address": "10.0.1.21",
                    "ipv4": true,
                    "ipv6": false,
                    "ipv6_address": "",
                    "mac_address": "d0:0d:92:45:5c:08",
                    "nat": true,
                    "nat_ip_address": "89.169.144.103",
                    "nat_ip_version": "IPV4",
                    "subnet_id": "e9bu8cujo5ebfhtb8cj3"
                  }
                ],
                "status": "RUNNING_ACTUAL",
                "status_changed_at": "2024-08-19T10:18:36Z",
                "status_message": "",
                "zone_id": "ru-central1-a"
              },
              {
                "fqdn": "cl1cb1nk2ng5lisepbfk-ylic.ru-central1.internal",
                "instance_id": "fhmp47omia1u398hmmgv",
                "instance_tag": "",
                "name": "cl1cb1nk2ng5lisepbfk-ylic",
                "network_interface": [
                  {
                    "index": 0,
                    "ip_address": "10.0.1.33",
                    "ipv4": true,
                    "ipv6": false,
                    "ipv6_address": "",
                    "mac_address": "d0:0d:19:21:f1:69",
                    "nat": true,
                    "nat_ip_address": "89.169.151.18",
                    "nat_ip_version": "IPV4",
                    "subnet_id": "e9bu8cujo5ebfhtb8cj3"
                  }
                ],
                "status": "RUNNING_ACTUAL",
                "status_changed_at": "2024-08-19T10:19:00Z",
                "status_message": "",
                "zone_id": "ru-central1-a"
              },
              {
                "fqdn": "cl1cb1nk2ng5lisepbfk-imet.ru-central1.internal",
                "instance_id": "fhmq7ka82rqcq8vrqitg",
                "instance_tag": "",
                "name": "cl1cb1nk2ng5lisepbfk-imet",
                "network_interface": [
                  {
                    "index": 0,
                    "ip_address": "10.0.1.31",
                    "ipv4": true,
                    "ipv6": false,
                    "ipv6_address": "",
                    "mac_address": "d0:0d:1a:3d:14:81",
                    "nat": true,
                    "nat_ip_address": "89.169.133.21",
                    "nat_ip_version": "IPV4",
                    "subnet_id": "e9bu8cujo5ebfhtb8cj3"
                  }
                ],
                "status": "RUNNING_ACTUAL",
                "status_changed_at": "2024-08-19T10:18:36Z",
                "status_message": "",
                "zone_id": "ru-central1-a"
              }
            ],
            "labels": null,
            "load_balancer": [
              {
                "ignore_health_checks": false,
                "max_opening_traffic_duration": 0,
                "status_message": "",
                "target_group_description": "",
                "target_group_id": "enp9c9f1qb9m0flj752p",
                "target_group_labels": null,
                "target_group_name": "lamp-group"
              }
            ],
            "max_checking_health_duration": 0,
            "name": "lamp",
            "scale_policy": [
              {
                "auto_scale": [],
                "fixed_scale": [
                  {
                    "size": 3
                  }
                ],
                "test_auto_scale": []
              }
            ],
            "service_account_id": "aje3ftlhlm2kvmtcl0am",
            "status": "ACTIVE",
            "timeouts": null,
            "variables": null
          },
          "sensitive_attributes": [],
          "private": "eyJlMmJmYjczMC1lY2FhLTExZTYtOGY4OC0zNDM2M2JjN2M0YzAiOnsiY3JlYXRlIjoxODAwMDAwMDAwMDAwLCJkZWxldGUiOjE4MDAwMDAwMDAwMDAsInVwZGF0ZSI6MTgwMDAwMDAwMDAwMH19",
          "dependencies": [
            "yandex_iam_service_account.groupvm-sa",
            "yandex_iam_service_account.service",
            "yandex_iam_service_account_static_access_key.sa-static-key",
            "yandex_resourcemanager_folder_iam_member.group-editor",
            "yandex_storage_bucket.ayuulyanov",
            "yandex_vpc_network.develop",
            "yandex_vpc_subnet.public"
          ]
        }
      ]
    },
    {
      "mode": "managed",
      "type": "yandex_iam_service_account",
      "name": "groupvm-sa",
      "provider": "provider[\"registry.terraform.io/yandex-cloud/yandex\"]",
      "instances": [
        {
          "schema_version": 0,
          "attributes": {
            "created_at": "2024-08-19T10:14:38Z",
            "description": "Сервисный аккаунт для управления группой ВМ.",
            "folder_id": "b1gfqj3kv6rieiisg1p5",
            "id": "aje3ftlhlm2kvmtcl0am",
            "name": "groupvm-sa",
            "timeouts": null
          },
          "sensitive_attributes": [],
          "private": "eyJlMmJmYjczMC1lY2FhLTExZTYtOGY4OC0zNDM2M2JjN2M0YzAiOnsiY3JlYXRlIjo2MDAwMDAwMDAwMCwiZGVsZXRlIjo2MDAwMDAwMDAwMCwidXBkYXRlIjo2MDAwMDAwMDAwMH19"
        }
      ]
    },
    {
      "mode": "managed",
      "type": "yandex_iam_service_account",
      "name": "service",
      "provider": "provider[\"registry.terraform.io/yandex-cloud/yandex\"]",
      "instances": [
        {
          "schema_version": 0,
          "attributes": {
            "created_at": "2024-08-19T10:14:36Z",
            "description": "",
            "folder_id": "b1gfqj3kv6rieiisg1p5",
            "id": "ajeans3rludde5ugun2b",
            "name": "bucket-sa",
            "timeouts": null
          },
          "sensitive_attributes": [],
          "private": "eyJlMmJmYjczMC1lY2FhLTExZTYtOGY4OC0zNDM2M2JjN2M0YzAiOnsiY3JlYXRlIjo2MDAwMDAwMDAwMCwiZGVsZXRlIjo2MDAwMDAwMDAwMCwidXBkYXRlIjo2MDAwMDAwMDAwMH19"
        }
      ]
    },
    {
      "mode": "managed",
      "type": "yandex_iam_service_account_static_access_key",
      "name": "sa-static-key",
      "provider": "provider[\"registry.terraform.io/yandex-cloud/yandex\"]",
      "instances": [
        {
          "schema_version": 0,
          "attributes": {
            "access_key": "YCAJEoVJyrnc9PkzA-pbqCLsW",
            "created_at": "2024-08-19T10:14:38Z",
            "description": "",
            "encrypted_secret_key": null,
            "id": "ajeb2ibj98nv2rlmq41a",
            "key_fingerprint": null,
            "output_to_lockbox": [],
            "output_to_lockbox_version_id": null,
            "pgp_key": null,
            "secret_key": "YCP8Udn8PfeW5px9sY3q8FinfCW01G0UW47O2usT",
            "service_account_id": "ajeans3rludde5ugun2b"
          },
          "sensitive_attributes": [
            [
              {
                "type": "get_attr",
                "value": "secret_key"
              }
            ]
          ],
          "private": "bnVsbA==",
          "dependencies": [
            "yandex_iam_service_account.service"
          ]
        }
      ]
    },
    {
      "mode": "managed",
      "type": "yandex_lb_network_load_balancer",
      "name": "nlb",
      "provider": "provider[\"registry.terraform.io/yandex-cloud/yandex\"]",
      "instances": [
        {
          "schema_version": 0,
          "attributes": {
            "attached_target_group": [
              {
                "healthcheck": [
                  {
                    "healthy_threshold": 5,
                    "http_options": [
                      {
                        "path": "/",
                        "port": 80
                      }
                    ],
                    "interval": 2,
                    "name": "http",
                    "tcp_options": [],
                    "timeout": 1,
                    "unhealthy_threshold": 2
                  }
                ],
                "target_group_id": "enp9c9f1qb9m0flj752p"
              }
            ],
            "created_at": "2024-08-19T10:19:02Z",
            "deletion_protection": false,
            "description": "",
            "folder_id": "b1gfqj3kv6rieiisg1p5",
            "id": "enp417880dvk9rt9cdlr",
            "labels": null,
            "listener": [
              {
                "external_address_spec": [
                  {
                    "address": "51.250.40.59",
                    "ip_version": "ipv4"
                  }
                ],
                "internal_address_spec": [],
                "name": "http-check",
                "port": 80,
                "protocol": "tcp",
                "target_port": 80
              }
            ],
            "name": "lamp-nlb",
            "region_id": "ru-central1",
            "timeouts": null,
            "type": "external"
          },
          "sensitive_attributes": [],
          "private": "eyJlMmJmYjczMC1lY2FhLTExZTYtOGY4OC0zNDM2M2JjN2M0YzAiOnsiY3JlYXRlIjozMDAwMDAwMDAwMDAsImRlbGV0ZSI6MzAwMDAwMDAwMDAwLCJ1cGRhdGUiOjMwMDAwMDAwMDAwMH19",
          "dependencies": [
            "yandex_compute_instance_group.group-vms",
            "yandex_iam_service_account.groupvm-sa",
            "yandex_iam_service_account.service",
            "yandex_iam_service_account_static_access_key.sa-static-key",
            "yandex_resourcemanager_folder_iam_member.group-editor",
            "yandex_storage_bucket.ayuulyanov",
            "yandex_vpc_network.develop",
            "yandex_vpc_subnet.public"
          ]
        }
      ]
    },
    {
      "mode": "managed",
      "type": "yandex_resourcemanager_folder_iam_member",
      "name": "bucket-editor",
      "provider": "provider[\"registry.terraform.io/yandex-cloud/yandex\"]",
      "instances": [
        {
          "schema_version": 0,
          "attributes": {
            "folder_id": "b1gfqj3kv6rieiisg1p5",
            "id": "b1gfqj3kv6rieiisg1p5/storage.editor/serviceAccount:ajeans3rludde5ugun2b",
            "member": "serviceAccount:ajeans3rludde5ugun2b",
            "role": "storage.editor",
            "sleep_after": null,
            "timeouts": null
          },
          "sensitive_attributes": [],
          "private": "eyJlMmJmYjczMC1lY2FhLTExZTYtOGY4OC0zNDM2M2JjN2M0YzAiOnsiY3JlYXRlIjo2MDAwMDAwMDAwMCwiZGVmYXVsdCI6NjAwMDAwMDAwMDAsImRlbGV0ZSI6NjAwMDAwMDAwMDAsInJlYWQiOjYwMDAwMDAwMDAwLCJ1cGRhdGUiOjYwMDAwMDAwMDAwfX0=",
          "dependencies": [
            "yandex_iam_service_account.service"
          ]
        }
      ]
    },
    {
      "mode": "managed",
      "type": "yandex_resourcemanager_folder_iam_member",
      "name": "group-editor",
      "provider": "provider[\"registry.terraform.io/yandex-cloud/yandex\"]",
      "instances": [
        {
          "schema_version": 0,
          "attributes": {
            "folder_id": "b1gfqj3kv6rieiisg1p5",
            "id": "b1gfqj3kv6rieiisg1p5/editor/serviceAccount:aje3ftlhlm2kvmtcl0am",
            "member": "serviceAccount:aje3ftlhlm2kvmtcl0am",
            "role": "editor",
            "sleep_after": null,
            "timeouts": null
          },
          "sensitive_attributes": [],
          "private": "eyJlMmJmYjczMC1lY2FhLTExZTYtOGY4OC0zNDM2M2JjN2M0YzAiOnsiY3JlYXRlIjo2MDAwMDAwMDAwMCwiZGVmYXVsdCI6NjAwMDAwMDAwMDAsImRlbGV0ZSI6NjAwMDAwMDAwMDAsInJlYWQiOjYwMDAwMDAwMDAwLCJ1cGRhdGUiOjYwMDAwMDAwMDAwfX0=",
          "dependencies": [
            "yandex_iam_service_account.groupvm-sa"
          ]
        }
      ]
    },
    {
      "mode": "managed",
      "type": "yandex_storage_bucket",
      "name": "ayuulyanov",
      "provider": "provider[\"registry.terraform.io/yandex-cloud/yandex\"]",
      "instances": [
        {
          "schema_version": 1,
          "attributes": {
            "access_key": "YCAJEoVJyrnc9PkzA-pbqCLsW",
            "acl": "public-read",
            "anonymous_access_flags": [
              {
                "config_read": true,
                "list": true,
                "read": true
              }
            ],
            "bucket": "ayuulyanov",
            "bucket_domain_name": "ayuulyanov.storage.yandexcloud.net",
            "bucket_prefix": null,
            "cors_rule": [],
            "default_storage_class": "STANDARD",
            "folder_id": "b1gfqj3kv6rieiisg1p5",
            "force_destroy": false,
            "grant": [],
            "https": [],
            "id": "ayuulyanov",
            "lifecycle_rule": [],
            "logging": [],
            "max_size": 0,
            "object_lock_configuration": [],
            "policy": "",
            "secret_key": "YCP8Udn8PfeW5px9sY3q8FinfCW01G0UW47O2usT",
            "server_side_encryption_configuration": [],
            "tags": null,
            "versioning": [
              {
                "enabled": false
              }
            ],
            "website": [],
            "website_domain": null,
            "website_endpoint": null
          },
          "sensitive_attributes": [
            [
              {
                "type": "get_attr",
                "value": "secret_key"
              }
            ]
          ],
          "private": "eyJzY2hlbWFfdmVyc2lvbiI6IjEifQ==",
          "dependencies": [
            "yandex_iam_service_account.service",
            "yandex_iam_service_account_static_access_key.sa-static-key"
          ]
        }
      ]
    },
    {
      "mode": "managed",
      "type": "yandex_storage_object",
      "name": "picture",
      "provider": "provider[\"registry.terraform.io/yandex-cloud/yandex\"]",
      "instances": [
        {
          "schema_version": 0,
          "attributes": {
            "access_key": "YCAJEoVJyrnc9PkzA-pbqCLsW",
            "acl": "public-read",
            "bucket": "ayuulyanov",
            "content": null,
            "content_base64": null,
            "content_type": "application/octet-stream",
            "id": "welcome-to-hell.jpg",
            "key": "welcome-to-hell.jpg",
            "object_lock_legal_hold_status": null,
            "object_lock_mode": null,
            "object_lock_retain_until_date": null,
            "secret_key": "YCP8Udn8PfeW5px9sY3q8FinfCW01G0UW47O2usT",
            "source": "~/welcome-to-hell.jpg",
            "source_hash": null,
            "tags": null
          },
          "sensitive_attributes": [
            [
              {
                "type": "get_attr",
                "value": "secret_key"
              }
            ]
          ],
          "private": "bnVsbA==",
          "dependencies": [
            "yandex_iam_service_account.service",
            "yandex_iam_service_account_static_access_key.sa-static-key",
            "yandex_storage_bucket.ayuulyanov"
          ]
        }
      ]
    },
    {
      "mode": "managed",
      "type": "yandex_vpc_network",
      "name": "develop",
      "provider": "provider[\"registry.terraform.io/yandex-cloud/yandex\"]",
      "instances": [
        {
          "schema_version": 0,
          "attributes": {
            "created_at": "2024-08-19T10:14:35Z",
            "default_security_group_id": "enpckgrfr9fd5d5beu31",
            "description": "",
            "folder_id": "b1gfqj3kv6rieiisg1p5",
            "id": "enp0sb1vq65p7phe7n3d",
            "labels": {},
            "name": "develop",
            "subnet_ids": [],
            "timeouts": null
          },
          "sensitive_attributes": [],
          "private": "eyJlMmJmYjczMC1lY2FhLTExZTYtOGY4OC0zNDM2M2JjN2M0YzAiOnsiY3JlYXRlIjo2MDAwMDAwMDAwMCwiZGVsZXRlIjo2MDAwMDAwMDAwMCwidXBkYXRlIjo2MDAwMDAwMDAwMH19"
        }
      ]
    },
    {
      "mode": "managed",
      "type": "yandex_vpc_subnet",
      "name": "public",
      "provider": "provider[\"registry.terraform.io/yandex-cloud/yandex\"]",
      "instances": [
        {
          "schema_version": 0,
          "attributes": {
            "created_at": "2024-08-19T10:14:37Z",
            "description": "",
            "dhcp_options": [],
            "folder_id": "b1gfqj3kv6rieiisg1p5",
            "id": "e9bu8cujo5ebfhtb8cj3",
            "labels": {},
            "name": "public-subnet",
            "network_id": "enp0sb1vq65p7phe7n3d",
            "route_table_id": "",
            "timeouts": null,
            "v4_cidr_blocks": [
              "10.0.1.0/24"
            ],
            "v6_cidr_blocks": [],
            "zone": "ru-central1-a"
          },
          "sensitive_attributes": [],
          "private": "eyJlMmJmYjczMC1lY2FhLTExZTYtOGY4OC0zNDM2M2JjN2M0YzAiOnsiY3JlYXRlIjoxODAwMDAwMDAwMDAsImRlbGV0ZSI6MTgwMDAwMDAwMDAwLCJ1cGRhdGUiOjE4MDAwMDAwMDAwMH19",
          "dependencies": [
            "yandex_vpc_network.develop"
          ]
        }
      ]
    }
  ],
  "check_results": null
}
